// !$*UTF8*$!
{
	archiveVersion = 1;
	classes = {
	};
	objectVersion = 46;
	objects = {

/* Begin PBXBuildFile section */
		A64DEE051ADDFFC600B2B5DB /* main.m in Sources */ = {isa = PBXBuildFile; fileRef = A64DEE041ADDFFC600B2B5DB /* main.m */; };
		A64DEE081ADDFFC600B2B5DB /* AppDelegate.m in Sources */ = {isa = PBXBuildFile; fileRef = A64DEE071ADDFFC600B2B5DB /* AppDelegate.m */; };
		A64DEE0B1ADDFFC600B2B5DB /* ViewController.m in Sources */ = {isa = PBXBuildFile; fileRef = A64DEE0A1ADDFFC600B2B5DB /* ViewController.m */; };
		A64DEE0E1ADDFFC600B2B5DB /* Main.storyboard in Resources */ = {isa = PBXBuildFile; fileRef = A64DEE0C1ADDFFC600B2B5DB /* Main.storyboard */; };
		A64DEE101ADDFFC600B2B5DB /* Images.xcassets in Resources */ = {isa = PBXBuildFile; fileRef = A64DEE0F1ADDFFC600B2B5DB /* Images.xcassets */; };
		A64DEE131ADDFFC600B2B5DB /* LaunchScreen.xib in Resources */ = {isa = PBXBuildFile; fileRef = A64DEE111ADDFFC600B2B5DB /* LaunchScreen.xib */; };
		A64DEE1F1ADDFFC600B2B5DB /* TuneSwing__CTests.m in Sources */ = {isa = PBXBuildFile; fileRef = A64DEE1E1ADDFFC600B2B5DB /* TuneSwing__CTests.m */; };
		A64DEE2A1ADDFFF500B2B5DB /* YTPlayerView.m in Sources */ = {isa = PBXBuildFile; fileRef = A64DEE291ADDFFF500B2B5DB /* YTPlayerView.m */; };
		A64DEE2D1ADE000200B2B5DB /* YTPlayerView-iframe-player.html in Resources */ = {isa = PBXBuildFile; fileRef = A64DEE2C1ADE000200B2B5DB /* YTPlayerView-iframe-player.html */; };
/* End PBXBuildFile section */

/* Begin PBXContainerItemProxy section */
		A64DEE191ADDFFC600B2B5DB /* PBXContainerItemProxy */ = {
			isa = PBXContainerItemProxy;
			containerPortal = A64DEDF71ADDFFC500B2B5DB /* Project object */;
			proxyType = 1;
			remoteGlobalIDString = A64DEDFE1ADDFFC600B2B5DB;
			remoteInfo = "TuneSwing- C";
		};
/* End PBXContainerItemProxy section */

/* Begin PBXFileReference section */
		A64DEDFF1ADDFFC600B2B5DB /* TuneSwing- C.app */ = {isa = PBXFileReference; explicitFileType = wrapper.application; includeInIndex = 0; path = "TuneSwing- C.app"; sourceTree = BUILT_PRODUCTS_DIR; };
		A64DEE031ADDFFC600B2B5DB /* Info.plist */ = {isa = PBXFileReference; lastKnownFileType = text.plist.xml; path = Info.plist; sourceTree = "<group>"; };
		A64DEE041ADDFFC600B2B5DB /* main.m */ = {isa = PBXFileReference; lastKnownFileType = sourcecode.c.objc; path = main.m; sourceTree = "<group>"; };
		A64DEE061ADDFFC600B2B5DB /* AppDelegate.h */ = {isa = PBXFileReference; lastKnownFileType = sourcecode.c.h; path = AppDelegate.h; sourceTree = "<group>"; };
		A64DEE071ADDFFC600B2B5DB /* AppDelegate.m */ = {isa = PBXFileReference; lastKnownFileType = sourcecode.c.objc; path = AppDelegate.m; sourceTree = "<group>"; };
		A64DEE091ADDFFC600B2B5DB /* ViewController.h */ = {isa = PBXFileReference; lastKnownFileType = sourcecode.c.h; path = ViewController.h; sourceTree = "<group>"; };
		A64DEE0A1ADDFFC600B2B5DB /* ViewController.m */ = {isa = PBXFileReference; lastKnownFileType = sourcecode.c.objc; path = ViewController.m; sourceTree = "<group>"; };
		A64DEE0D1ADDFFC600B2B5DB /* Base */ = {isa = PBXFileReference; lastKnownFileType = file.storyboard; name = Base; path = Base.lproj/Main.storyboard; sourceTree = "<group>"; };
		A64DEE0F1ADDFFC600B2B5DB /* Images.xcassets */ = {isa = PBXFileReference; lastKnownFileType = folder.assetcatalog; path = Images.xcassets; sourceTree = "<group>"; };
		A64DEE121ADDFFC600B2B5DB /* Base */ = {isa = PBXFileReference; lastKnownFileType = file.xib; name = Base; path = Base.lproj/LaunchScreen.xib; sourceTree = "<group>"; };
		A64DEE181ADDFFC600B2B5DB /* TuneSwing- CTests.xctest */ = {isa = PBXFileReference; explicitFileType = wrapper.cfbundle; includeInIndex = 0; path = "TuneSwing- CTests.xctest"; sourceTree = BUILT_PRODUCTS_DIR; };
		A64DEE1D1ADDFFC600B2B5DB /* Info.plist */ = {isa = PBXFileReference; lastKnownFileType = text.plist.xml; path = Info.plist; sourceTree = "<group>"; };
		A64DEE1E1ADDFFC600B2B5DB /* TuneSwing__CTests.m */ = {isa = PBXFileReference; lastKnownFileType = sourcecode.c.objc; path = TuneSwing__CTests.m; sourceTree = "<group>"; };
		A64DEE281ADDFFEA00B2B5DB /* YTPlayerView.h */ = {isa = PBXFileReference; lastKnownFileType = sourcecode.c.h; path = YTPlayerView.h; sourceTree = "<group>"; };
		A64DEE291ADDFFF500B2B5DB /* YTPlayerView.m */ = {isa = PBXFileReference; fileEncoding = 4; lastKnownFileType = sourcecode.c.objc; path = YTPlayerView.m; sourceTree = "<group>"; };
		A64DEE2C1ADE000200B2B5DB /* YTPlayerView-iframe-player.html */ = {isa = PBXFileReference; fileEncoding = 4; lastKnownFileType = text.html; path = "YTPlayerView-iframe-player.html"; sourceTree = "<group>"; };
/* End PBXFileReference section */

/* Begin PBXFrameworksBuildPhase section */
		A64DEDFC1ADDFFC600B2B5DB /* Frameworks */ = {
			isa = PBXFrameworksBuildPhase;
			buildActionMask = 2147483647;
			files = (
			);
			runOnlyForDeploymentPostprocessing = 0;
		};
		A64DEE151ADDFFC600B2B5DB /* Frameworks */ = {
			isa = PBXFrameworksBuildPhase;
			buildActionMask = 2147483647;
			files = (
			);
			runOnlyForDeploymentPostprocessing = 0;
		};
/* End PBXFrameworksBuildPhase section */

/* Begin PBXGroup section */
		A64DEDF61ADDFFC500B2B5DB = {
			isa = PBXGroup;
			children = (
				A64DEE2B1ADE000200B2B5DB /* Assets */,
				A64DEE011ADDFFC600B2B5DB /* TuneSwing- C */,
				A64DEE1B1ADDFFC600B2B5DB /* TuneSwing- CTests */,
				A64DEE001ADDFFC600B2B5DB /* Products */,
			);
			sourceTree = "<group>";
		};
		A64DEE001ADDFFC600B2B5DB /* Products */ = {
			isa = PBXGroup;
			children = (
				A64DEDFF1ADDFFC600B2B5DB /* TuneSwing- C.app */,
				A64DEE181ADDFFC600B2B5DB /* TuneSwing- CTests.xctest */,
			);
			name = Products;
			sourceTree = "<group>";
		};
		A64DEE011ADDFFC600B2B5DB /* TuneSwing- C */ = {
			isa = PBXGroup;
			children = (
				A64DEE291ADDFFF500B2B5DB /* YTPlayerView.m */,
				A64DEE281ADDFFEA00B2B5DB /* YTPlayerView.h */,
				A64DEE061ADDFFC600B2B5DB /* AppDelegate.h */,
				A64DEE071ADDFFC600B2B5DB /* AppDelegate.m */,
				A64DEE091ADDFFC600B2B5DB /* ViewController.h */,
				A64DEE0A1ADDFFC600B2B5DB /* ViewController.m */,
				A64DEE0C1ADDFFC600B2B5DB /* Main.storyboard */,
				A64DEE0F1ADDFFC600B2B5DB /* Images.xcassets */,
				A64DEE111ADDFFC600B2B5DB /* LaunchScreen.xib */,
				A64DEE021ADDFFC600B2B5DB /* Supporting Files */,
			);
			path = "TuneSwing- C";
			sourceTree = "<group>";
		};
		A64DEE021ADDFFC600B2B5DB /* Supporting Files */ = {
			isa = PBXGroup;
			children = (
				A64DEE031ADDFFC600B2B5DB /* Info.plist */,
				A64DEE041ADDFFC600B2B5DB /* main.m */,
			);
			name = "Supporting Files";
			sourceTree = "<group>";
		};
		A64DEE1B1ADDFFC600B2B5DB /* TuneSwing- CTests */ = {
			isa = PBXGroup;
			children = (
				A64DEE1E1ADDFFC600B2B5DB /* TuneSwing__CTests.m */,
				A64DEE1C1ADDFFC600B2B5DB /* Supporting Files */,
			);
			path = "TuneSwing- CTests";
			sourceTree = "<group>";
		};
		A64DEE1C1ADDFFC600B2B5DB /* Supporting Files */ = {
			isa = PBXGroup;
			children = (
				A64DEE1D1ADDFFC600B2B5DB /* Info.plist */,
			);
			name = "Supporting Files";
			sourceTree = "<group>";
		};
		A64DEE2B1ADE000200B2B5DB /* Assets */ = {
			isa = PBXGroup;
			children = (
				A64DEE2C1ADE000200B2B5DB /* YTPlayerView-iframe-player.html */,
			);
			path = Assets;
			sourceTree = "<group>";
		};
/* End PBXGroup section */

/* Begin PBXNativeTarget section */
		A64DEDFE1ADDFFC600B2B5DB /* TuneSwing- C */ = {
			isa = PBXNativeTarget;
			buildConfigurationList = A64DEE221ADDFFC600B2B5DB /* Build configuration list for PBXNativeTarget "TuneSwing- C" */;
			buildPhases = (
				A64DEDFB1ADDFFC600B2B5DB /* Sources */,
				A64DEDFC1ADDFFC600B2B5DB /* Frameworks */,
				A64DEDFD1ADDFFC600B2B5DB /* Resources */,
			);
			buildRules = (
			);
			dependencies = (
			);
			name = "TuneSwing- C";
			productName = "TuneSwing- C";
			productReference = A64DEDFF1ADDFFC600B2B5DB /* TuneSwing- C.app */;
			productType = "com.apple.product-type.application";
		};
		A64DEE171ADDFFC600B2B5DB /* TuneSwing- CTests */ = {
			isa = PBXNativeTarget;
			buildConfigurationList = A64DEE251ADDFFC600B2B5DB /* Build configuration list for PBXNativeTarget "TuneSwing- CTests" */;
			buildPhases = (
				A64DEE141ADDFFC600B2B5DB /* Sources */,
				A64DEE151ADDFFC600B2B5DB /* Frameworks */,
				A64DEE161ADDFFC600B2B5DB /* Resources */,
			);
			buildRules = (
			);
			dependencies = (
				A64DEE1A1ADDFFC600B2B5DB /* PBXTargetDependency */,
			);
			name = "TuneSwing- CTests";
			productName = "TuneSwing- CTests";
			productReference = A64DEE181ADDFFC600B2B5DB /* TuneSwing- CTests.xctest */;
			productType = "com.apple.product-type.bundle.unit-test";
		};
/* End PBXNativeTarget section */

/* Begin PBXProject section */
		A64DEDF71ADDFFC500B2B5DB /* Project object */ = {
			isa = PBXProject;
			attributes = {
				LastUpgradeCheck = 0610;
				ORGANIZATIONNAME = TuneSwing;
				TargetAttributes = {
					A64DEDFE1ADDFFC600B2B5DB = {
						CreatedOnToolsVersion = 6.1.1;
					};
					A64DEE171ADDFFC600B2B5DB = {
						CreatedOnToolsVersion = 6.1.1;
						TestTargetID = A64DEDFE1ADDFFC600B2B5DB;
					};
				};
			};
			buildConfigurationList = A64DEDFA1ADDFFC500B2B5DB /* Build configuration list for PBXProject "TuneSwing- C" */;
			compatibilityVersion = "Xcode 3.2";
			developmentRegion = English;
			hasScannedForEncodings = 0;
			knownRegions = (
				en,
				Base,
			);
			mainGroup = A64DEDF61ADDFFC500B2B5DB;
			productRefGroup = A64DEE001ADDFFC600B2B5DB /* Products */;
			projectDirPath = "";
			projectRoot = "";
			targets = (
				A64DEDFE1ADDFFC600B2B5DB /* TuneSwing- C */,
				A64DEE171ADDFFC600B2B5DB /* TuneSwing- CTests */,
			);
		};
/* End PBXProject section */

/* Begin PBXResourcesBuildPhase section */
		A64DEDFD1ADDFFC600B2B5DB /* Resources */ = {
			isa = PBXResourcesBuildPhase;
			buildActionMask = 2147483647;
			files = (
				A64DEE0E1ADDFFC600B2B5DB /* Main.storyboard in Resources */,
				A64DEE131ADDFFC600B2B5DB /* LaunchScreen.xib in Resources */,
				A64DEE2D1ADE000200B2B5DB /* YTPlayerView-iframe-player.html in Resources */,
				A64DEE101ADDFFC600B2B5DB /* Images.xcassets in Resources */,
			);
			runOnlyForDeploymentPostprocessing = 0;
		};
		A64DEE161ADDFFC600B2B5DB /* Resources */ = {
			isa = PBXResourcesBuildPhase;
			buildActionMask = 2147483647;
			files = (
			);
			runOnlyForDeploymentPostprocessing = 0;
		};
/* End PBXResourcesBuildPhase section */

/* Begin PBXSourcesBuildPhase section */
		A64DEDFB1ADDFFC600B2B5DB /* Sources */ = {
			isa = PBXSourcesBuildPhase;
			buildActionMask = 2147483647;
			files = (
				A64DEE0B1ADDFFC600B2B5DB /* ViewController.m in Sources */,
				A64DEE081ADDFFC600B2B5DB /* AppDelegate.m in Sources */,
				A64DEE2A1ADDFFF500B2B5DB /* YTPlayerView.m in Sources */,
				A64DEE051ADDFFC600B2B5DB /* main.m in Sources */,
			);
			runOnlyForDeploymentPostprocessing = 0;
		};
		A64DEE141ADDFFC600B2B5DB /* Sources */ = {
			isa = PBXSourcesBuildPhase;
			buildActionMask = 2147483647;
			files = (
				A64DEE1F1ADDFFC600B2B5DB /* TuneSwing__CTests.m in Sources */,
			);
			runOnlyForDeploymentPostprocessing = 0;
		};
/* End PBXSourcesBuildPhase section */

/* Begin PBXTargetDependency section */
		A64DEE1A1ADDFFC600B2B5DB /* PBXTargetDependency */ = {
			isa = PBXTargetDependency;
			target = A64DEDFE1ADDFFC600B2B5DB /* TuneSwing- C */;
			targetProxy = A64DEE191ADDFFC600B2B5DB /* PBXContainerItemProxy */;
		};
/* End PBXTargetDependency section */

/* Begin PBXVariantGroup section */
		A64DEE0C1ADDFFC600B2B5DB /* Main.storyboard */ = {
			isa = PBXVariantGroup;
			children = (
				A64DEE0D1ADDFFC600B2B5DB /* Base */,
			);
			name = Main.storyboard;
			sourceTree = "<group>";
		};
		A64DEE111ADDFFC600B2B5DB /* LaunchScreen.xib */ = {
			isa = PBXVariantGroup;
			children = (
				A64DEE121ADDFFC600B2B5DB /* Base */,
			);
			name = LaunchScreen.xib;
			sourceTree = "<group>";
		};
/* End PBXVariantGroup section */

/* Begin XCBuildConfiguration section */
		A64DEE201ADDFFC600B2B5DB /* Debug */ = {
			isa = XCBuildConfiguration;
			buildSettings = {
				ALWAYS_SEARCH_USER_PATHS = NO;
				CLANG_CXX_LANGUAGE_STANDARD = "gnu++0x";
				CLANG_CXX_LIBRARY = "libc++";
				CLANG_ENABLE_MODULES = YES;
				CLANG_ENABLE_OBJC_ARC = YES;
				CLANG_WARN_BOOL_CONVERSION = YES;
				CLANG_WARN_CONSTANT_CONVERSION = YES;
				CLANG_WARN_DIRECT_OBJC_ISA_USAGE = YES_ERROR;
				CLANG_WARN_EMPTY_BODY = YES;
				CLANG_WARN_ENUM_CONVERSION = YES;
				CLANG_WARN_INT_CONVERSION = YES;
				CLANG_WARN_OBJC_ROOT_CLASS = YES_ERROR;
				CLANG_WARN_UNREACHABLE_CODE = YES;
				CLANG_WARN__DUPLICATE_METHOD_MATCH = YES;
				"CODE_SIGN_IDENTITY[sdk=iphoneos*]" = "iPhone Developer";
				COPY_PHASE_STRIP = NO;
				ENABLE_STRICT_OBJC_MSGSEND = YES;
				GCC_C_LANGUAGE_STANDARD = gnu99;
				GCC_DYNAMIC_NO_PIC = NO;
				GCC_OPTIMIZATION_LEVEL = 0;
				GCC_PREPROCESSOR_DEFINITIONS = (
					"DEBUG=1",
					"$(inherited)",
				);
				GCC_SYMBOLS_PRIVATE_EXTERN = NO;
				GCC_WARN_64_TO_32_BIT_CONVERSION = YES;
				GCC_WARN_ABOUT_RETURN_TYPE = YES_ERROR;
				GCC_WARN_UNDECLARED_SELECTOR = YES;
				GCC_WARN_UNINITIALIZED_AUTOS = YES_AGGRESSIVE;
				GCC_WARN_UNUSED_FUNCTION = YES;
				GCC_WARN_UNUSED_VARIABLE = YES;
				IPHONEOS_DEPLOYMENT_TARGET = 8.1;
				MTL_ENABLE_DEBUG_INFO = YES;
				ONLY_ACTIVE_ARCH = YES;
				SDKROOT = iphoneos;
			};
			name = Debug;
		};
		A64DEE211ADDFFC600B2B5DB /* Release */ = {
			isa = XCBuildConfiguration;
			buildSettings = {
				ALWAYS_SEARCH_USER_PATHS = NO;
				CLANG_CXX_LANGUAGE_STANDARD = "gnu++0x";
				CLANG_CXX_LIBRARY = "libc++";
				CLANG_ENABLE_MODULES = YES;
				CLANG_ENABLE_OBJC_ARC = YES;
				CLANG_WARN_BOOL_CONVERSION = YES;
				CLANG_WARN_CONSTANT_CONVERSION = YES;
				CLANG_WARN_DIRECT_OBJC_ISA_USAGE = YES_ERROR;
				CLANG_WARN_EMPTY_BODY = YES;
				CLANG_WARN_ENUM_CONVERSION = YES;
				CLANG_WARN_INT_CONVERSION = YES;
				CLANG_WARN_OBJC_ROOT_CLASS = YES_ERROR;
				CLANG_WARN_UNREACHABLE_CODE = YES;
				CLANG_WARN__DUPLICATE_METHOD_MATCH = YES;
				"CODE_SIGN_IDENTITY[sdk=iphoneos*]" = "iPhone Developer";
				COPY_PHASE_STRIP = YES;
				ENABLE_NS_ASSERTIONS = NO;
				ENABLE_STRICT_OBJC_MSGSEND = YES;
				GCC_C_LANGUAGE_STANDARD = gnu99;
				GCC_WARN_64_TO_32_BIT_CONVERSION = YES;
				GCC_WARN_ABOUT_RETURN_TYPE = YES_ERROR;
				GCC_WARN_UNDECLARED_SELECTOR = YES;
				GCC_WARN_UNINITIALIZED_AUTOS = YES_AGGRESSIVE;
				GCC_WARN_UNUSED_FUNCTION = YES;
				GCC_WARN_UNUSED_VARIABLE = YES;
				IPHONEOS_DEPLOYMENT_TARGET = 8.1;
				MTL_ENABLE_DEBUG_INFO = NO;
				SDKROOT = iphoneos;
				VALIDATE_PRODUCT = YES;
			};
			name = Release;
		};
		A64DEE231ADDFFC600B2B5DB /* Debug */ = {
			isa = XCBuildConfiguration;
			buildSettings = {
				ASSETCATALOG_COMPILER_APPICON_NAME = AppIcon;
				INFOPLIST_FILE = "TuneSwing- C/Info.plist";
				LD_RUNPATH_SEARCH_PATHS = "$(inherited) @executable_path/Frameworks";
				PRODUCT_NAME = "$(TARGET_NAME)";
			};
			name = Debug;
		};
		A64DEE241ADDFFC600B2B5DB /* Release */ = {
			isa = XCBuildConfiguration;
			buildSettings = {
				ASSETCATALOG_COMPILER_APPICON_NAME = AppIcon;
				INFOPLIST_FILE = "TuneSwing- C/Info.plist";
				LD_RUNPATH_SEARCH_PATHS = "$(inherited) @executable_path/Frameworks";
				PRODUCT_NAME = "$(TARGET_NAME)";
			};
			name = Release;
		};
		A64DEE261ADDFFC600B2B5DB /* Debug */ = {
			isa = XCBuildConfiguration;
			buildSettings = {
				BUNDLE_LOADER = "$(TEST_HOST)";
				FRAMEWORK_SEARCH_PATHS = (
					"$(SDKROOT)/Developer/Library/Frameworks",
					"$(inherited)",
				);
				GCC_PREPROCESSOR_DEFINITIONS = (
					"DEBUG=1",
					"$(inherited)",
				);
				INFOPLIST_FILE = "TuneSwing- CTests/Info.plist";
				LD_RUNPATH_SEARCH_PATHS = "$(inherited) @executable_path/Frameworks @loader_path/Frameworks";
				PRODUCT_NAME = "$(TARGET_NAME)";
				TEST_HOST = "$(BUILT_PRODUCTS_DIR)/TuneSwing- C.app/TuneSwing- C";
			};
			name = Debug;
		};
		A64DEE271ADDFFC600B2B5DB /* Release */ = {
			isa = XCBuildConfiguration;
			buildSettings = {
				BUNDLE_LOADER = "$(TEST_HOST)";
				FRAMEWORK_SEARCH_PATHS = (
					"$(SDKROOT)/Developer/Library/Frameworks",
					"$(inherited)",
				);
				INFOPLIST_FILE = "TuneSwing- CTests/Info.plist";
				LD_RUNPATH_SEARCH_PATHS = "$(inherited) @executable_path/Frameworks @loader_path/Frameworks";
				PRODUCT_NAME = "$(TARGET_NAME)";
				TEST_HOST = "$(BUILT_PRODUCTS_DIR)/TuneSwing- C.app/TuneSwing- C";
			};
			name = Release;
		};
/* End XCBuildConfiguration section */

/* Begin XCConfigurationList section */
		A64DEDFA1ADDFFC500B2B5DB /* Build configuration list for PBXProject "TuneSwing- C" */ = {
			isa = XCConfigurationList;
			buildConfigurations = (
				A64DEE201ADDFFC600B2B5DB /* Debug */,
				A64DEE211ADDFFC600B2B5DB /* Release */,
			);
			defaultConfigurationIsVisible = 0;
			defaultConfigurationName = Release;
		};
		A64DEE221ADDFFC600B2B5DB /* Build configuration list for PBXNativeTarget "TuneSwing- C" */ = {
			isa = XCConfigurationList;
			buildConfigurations = (
				A64DEE231ADDFFC600B2B5DB /* Debug */,
				A64DEE241ADDFFC600B2B5DB /* Release */,
			);
			defaultConfigurationIsVisible = 0;
		};
		A64DEE251ADDFFC600B2B5DB /* Build configuration list for PBXNativeTarget "TuneSwing- CTests" */ = {
			isa = XCConfigurationList;
			buildConfigurations = (
				A64DEE261ADDFFC600B2B5DB /* Debug */,
				A64DEE271ADDFFC600B2B5DB /* Release */,
			);
			defaultConfigurationIsVisible = 0;
		};
/* End XCConfigurationList section */
	};
	rootObject = A64DEDF71ADDFFC500B2B5DB /* Project object */;
}
